
Microsoft Visual Studio Solution File, Format Version 10.00
# Visual C++ Express 2008
Project("{8BC9CEB8-8B4A-11D0-8D11-00A0C91BC942}") = "MirOTR", "MirOTR\MirOTR.vcproj", "{53F841E8-284F-4545-9176-B131896E43F8}"
EndProject
Project("{8BC9CEB8-8B4A-11D0-8D11-00A0C91BC942}") = "libotr320", "otr.vs\libotr-3.2.0.vs\libotr320.vcproj", "{1423FC8F-AA52-4562-8275-4BF0838CA378}"
	ProjectSection(ProjectDependencies) = postProject
		{40FE7861-E54E-4DA9-BE4D-A5178014E477} = {40FE7861-E54E-4DA9-BE4D-A5178014E477}
	EndProjectSection
EndProject
Project("{8BC9CEB8-8B4A-11D0-8D11-00A0C91BC942}") = "libgcrypt146lib", "gpg.vs\libgcrypt-1.4.6.vs\libgcrypt146lib.vcproj", "{40FE7861-E54E-4DA9-BE4D-A5178014E477}"
EndProject
Global
	GlobalSection(SolutionConfigurationPlatforms) = preSolution
		Debug|Win32 = Debug|Win32
		Release ANSI|Win32 = Release ANSI|Win32
		Release|Win32 = Release|Win32
	EndGlobalSection
	GlobalSection(ProjectConfigurationPlatforms) = postSolution
		{53F841E8-284F-4545-9176-B131896E43F8}.Debug|Win32.ActiveCfg = Debug|Win32
		{53F841E8-284F-4545-9176-B131896E43F8}.Debug|Win32.Build.0 = Debug|Win32
		{53F841E8-284F-4545-9176-B131896E43F8}.Release ANSI|Win32.ActiveCfg = Release ANSI|Win32
		{53F841E8-284F-4545-9176-B131896E43F8}.Release ANSI|Win32.Build.0 = Release ANSI|Win32
		{53F841E8-284F-4545-9176-B131896E43F8}.Release|Win32.ActiveCfg = Release|Win32
		{53F841E8-284F-4545-9176-B131896E43F8}.Release|Win32.Build.0 = Release|Win32
		{1423FC8F-AA52-4562-8275-4BF0838CA378}.Debug|Win32.ActiveCfg = Debug|Win32
		{1423FC8F-AA52-4562-8275-4BF0838CA378}.Debug|Win32.Build.0 = Debug|Win32
		{1423FC8F-AA52-4562-8275-4BF0838CA378}.Release ANSI|Win32.ActiveCfg = Release|Win32
		{1423FC8F-AA52-4562-8275-4BF0838CA378}.Release ANSI|Win32.Build.0 = Release|Win32
		{1423FC8F-AA52-4562-8275-4BF0838CA378}.Release|Win32.ActiveCfg = Release|Win32
		{1423FC8F-AA52-4562-8275-4BF0838CA378}.Release|Win32.Build.0 = Release|Win32
		{40FE7861-E54E-4DA9-BE4D-A5178014E477}.Debug|Win32.ActiveCfg = Debug|Win32
		{40FE7861-E54E-4DA9-BE4D-A5178014E477}.Debug|Win32.Build.0 = Debug|Win32
		{40FE7861-E54E-4DA9-BE4D-A5178014E477}.Release ANSI|Win32.ActiveCfg = Release|Win32
		{40FE7861-E54E-4DA9-BE4D-A5178014E477}.Release ANSI|Win32.Build.0 = Release|Win32
		{40FE7861-E54E-4DA9-BE4D-A5178014E477}.Release|Win32.ActiveCfg = Release|Win32
		{40FE7861-E54E-4DA9-BE4D-A5178014E477}.Release|Win32.Build.0 = Release|Win32
	EndGlobalSection
	GlobalSection(SolutionProperties) = preSolution
		HideSolutionNode = FALSE
	EndGlobalSection
EndGlobal
