
Microsoft Visual Studio Solution File, Format Version 10.00
# Visual C++ Express 2008
Project("{8BC9CEB8-8B4A-11D0-8D11-00A0C91BC942}") = "libotr202", "libotr202.vcproj", "{1423FC8F-AA52-4562-8275-4BF0838CA378}"
EndProject
Global
	GlobalSection(SolutionConfigurationPlatforms) = preSolution
		Debug|Win32 = Debug|Win32
		Release|Win32 = Release|Win32
	EndGlobalSection
	GlobalSection(ProjectConfigurationPlatforms) = postSolution
		{1423FC8F-AA52-4562-8275-4BF0838CA378}.Debug|Win32.ActiveCfg = Debug|Win32
		{1423FC8F-AA52-4562-8275-4BF0838CA378}.Debug|Win32.Build.0 = Debug|Win32
		{1423FC8F-AA52-4562-8275-4BF0838CA378}.Release|Win32.ActiveCfg = Release|Win32
		{1423FC8F-AA52-4562-8275-4BF0838CA378}.Release|Win32.Build.0 = Release|Win32
	EndGlobalSection
	GlobalSection(SolutionProperties) = preSolution
		HideSolutionNode = FALSE
	EndGlobalSection
EndGlobal
